
Microsoft Visual Studio Solution File, Format Version 12.00
# Visual Studio Version 17
VisualStudioVersion = 17.1.32414.318
MinimumVisualStudioVersion = 10.0.40219.1
Project("{FAE04EC0-301F-11D3-BF4B-00C04F79EFBC}") = "DepartmentSystemClient", "DepartmentSystemClient\DepartmentSystemClient.csproj", "{4F79D5A7-DAC9-445E-BBCF-2900C67AF87C}"
EndProject
Global
	GlobalSection(SolutionConfigurationPlatforms) = preSolution
		Debug|Any CPU = Debug|Any CPU
		Release|Any CPU = Release|Any CPU
	EndGlobalSection
	GlobalSection(ProjectConfigurationPlatforms) = postSolution
		{4F79D5A7-DAC9-445E-BBCF-2900C67AF87C}.Debug|Any CPU.ActiveCfg = Debug|Any CPU
		{4F79D5A7-DAC9-445E-BBCF-2900C67AF87C}.Debug|Any CPU.Build.0 = Debug|Any CPU
		{4F79D5A7-DAC9-445E-BBCF-2900C67AF87C}.Release|Any CPU.ActiveCfg = Release|Any CPU
		{4F79D5A7-DAC9-445E-BBCF-2900C67AF87C}.Release|Any CPU.Build.0 = Release|Any CPU
	EndGlobalSection
	GlobalSection(SolutionProperties) = preSolution
		HideSolutionNode = FALSE
	EndGlobalSection
	GlobalSection(ExtensibilityGlobals) = postSolution
		SolutionGuid = {C0CFB226-41C2-47F1-AA5E-3C915C5D2F7C}
	EndGlobalSection
EndGlobal
